
Microsoft Visual Studio Solution File, Format Version 12.00
# Visual Studio 15
VisualStudioVersion = 15.0.26606.0
MinimumVisualStudioVersion = 10.0.40219.1
Project("{F184B08F-C81C-45F6-A57F-5ABD9991F28F}") = "PocoPropertyData", "PocoPropertyData\PocoPropertyData.vbproj", "{CF77DD8E-56B4-4412-B088-47559BFDBE6F}"
EndProject
Project("{2150E333-8FDC-42A3-9474-1A3956D46DE8}") = ".nuget", ".nuget", "{A78A1668-6D5D-4C0C-98F6-9F593555F048}"
	ProjectSection(SolutionItems) = preProject
		.nuget\NuGet.Config = .nuget\NuGet.Config
		.nuget\NuGet.exe = .nuget\NuGet.exe
		.nuget\NuGet.targets = .nuget\NuGet.targets
	EndProjectSection
EndProject
Project("{FAE04EC0-301F-11D3-BF4B-00C04F79EFBC}") = "ConsoleApp1", "ConsoleApp1\ConsoleApp1.csproj", "{EF08E168-ABB2-4DE7-B319-2D451D9C743E}"
EndProject
Project("{9A19103F-16F7-4668-BE54-9A1E7A4F7556}") = "Utilities.PocoProperties", "Utilities.PocoProperties\Utilities.PocoProperties.csproj", "{2DDD95D1-7A16-441A-B506-64617277013F}"
EndProject
Project("{FAE04EC0-301F-11D3-BF4B-00C04F79EFBC}") = "ConsoleAppFramework", "ConsoleAppFramework\ConsoleAppFramework.csproj", "{2F82F319-12EC-46FC-9A33-9D75348D0728}"
EndProject
Project("{9A19103F-16F7-4668-BE54-9A1E7A4F7556}") = "ConsoleAppCore", "ConsoleAppCore\ConsoleAppCore.csproj", "{10A6ABE9-3266-400A-BCC4-D7F82E09A139}"
EndProject
Project("{9A19103F-16F7-4668-BE54-9A1E7A4F7556}") = "ConsoleAppCore2", "ConsoleAppCore2\ConsoleAppCore2.csproj", "{F1C1FC95-5E4E-4AEC-8492-3DE12CAFE7E8}"
EndProject
Global
	GlobalSection(SolutionConfigurationPlatforms) = preSolution
		Debug|Any CPU = Debug|Any CPU
		Release|Any CPU = Release|Any CPU
	EndGlobalSection
	GlobalSection(ProjectConfigurationPlatforms) = postSolution
		{CF77DD8E-56B4-4412-B088-47559BFDBE6F}.Debug|Any CPU.ActiveCfg = Debug|Any CPU
		{CF77DD8E-56B4-4412-B088-47559BFDBE6F}.Debug|Any CPU.Build.0 = Debug|Any CPU
		{CF77DD8E-56B4-4412-B088-47559BFDBE6F}.Release|Any CPU.ActiveCfg = Release|Any CPU
		{CF77DD8E-56B4-4412-B088-47559BFDBE6F}.Release|Any CPU.Build.0 = Release|Any CPU
		{EF08E168-ABB2-4DE7-B319-2D451D9C743E}.Debug|Any CPU.ActiveCfg = Debug|Any CPU
		{EF08E168-ABB2-4DE7-B319-2D451D9C743E}.Debug|Any CPU.Build.0 = Debug|Any CPU
		{EF08E168-ABB2-4DE7-B319-2D451D9C743E}.Release|Any CPU.ActiveCfg = Release|Any CPU
		{EF08E168-ABB2-4DE7-B319-2D451D9C743E}.Release|Any CPU.Build.0 = Release|Any CPU
		{2DDD95D1-7A16-441A-B506-64617277013F}.Debug|Any CPU.ActiveCfg = Debug|Any CPU
		{2DDD95D1-7A16-441A-B506-64617277013F}.Debug|Any CPU.Build.0 = Debug|Any CPU
		{2DDD95D1-7A16-441A-B506-64617277013F}.Release|Any CPU.ActiveCfg = Release|Any CPU
		{2DDD95D1-7A16-441A-B506-64617277013F}.Release|Any CPU.Build.0 = Release|Any CPU
		{2F82F319-12EC-46FC-9A33-9D75348D0728}.Debug|Any CPU.ActiveCfg = Debug|Any CPU
		{2F82F319-12EC-46FC-9A33-9D75348D0728}.Debug|Any CPU.Build.0 = Debug|Any CPU
		{2F82F319-12EC-46FC-9A33-9D75348D0728}.Release|Any CPU.ActiveCfg = Release|Any CPU
		{2F82F319-12EC-46FC-9A33-9D75348D0728}.Release|Any CPU.Build.0 = Release|Any CPU
		{10A6ABE9-3266-400A-BCC4-D7F82E09A139}.Debug|Any CPU.ActiveCfg = Debug|Any CPU
		{10A6ABE9-3266-400A-BCC4-D7F82E09A139}.Debug|Any CPU.Build.0 = Debug|Any CPU
		{10A6ABE9-3266-400A-BCC4-D7F82E09A139}.Release|Any CPU.ActiveCfg = Release|Any CPU
		{10A6ABE9-3266-400A-BCC4-D7F82E09A139}.Release|Any CPU.Build.0 = Release|Any CPU
		{F1C1FC95-5E4E-4AEC-8492-3DE12CAFE7E8}.Debug|Any CPU.ActiveCfg = Debug|Any CPU
		{F1C1FC95-5E4E-4AEC-8492-3DE12CAFE7E8}.Debug|Any CPU.Build.0 = Debug|Any CPU
		{F1C1FC95-5E4E-4AEC-8492-3DE12CAFE7E8}.Release|Any CPU.ActiveCfg = Release|Any CPU
		{F1C1FC95-5E4E-4AEC-8492-3DE12CAFE7E8}.Release|Any CPU.Build.0 = Release|Any CPU
	EndGlobalSection
	GlobalSection(SolutionProperties) = preSolution
		HideSolutionNode = FALSE
	EndGlobalSection
EndGlobal
